
Microsoft Visual Studio Solution File, Format Version 12.00
# Visual Studio 2012
Project("{FAE04EC0-301F-11D3-BF4B-00C04F79EFBC}") = "UniversityStudentManagementSystem", "UniversityStudentManagementSystem\UniversityStudentManagementSystem.csproj", "{408F5747-0DD7-45AD-B63D-05CE57EF04BE}"
EndProject
Global
	GlobalSection(SolutionConfigurationPlatforms) = preSolution
		Debug|Any CPU = Debug|Any CPU
		Release|Any CPU = Release|Any CPU
	EndGlobalSection
	GlobalSection(ProjectConfigurationPlatforms) = postSolution
		{408F5747-0DD7-45AD-B63D-05CE57EF04BE}.Debug|Any CPU.ActiveCfg = Debug|Any CPU
		{408F5747-0DD7-45AD-B63D-05CE57EF04BE}.Debug|Any CPU.Build.0 = Debug|Any CPU
		{408F5747-0DD7-45AD-B63D-05CE57EF04BE}.Release|Any CPU.ActiveCfg = Release|Any CPU
		{408F5747-0DD7-45AD-B63D-05CE57EF04BE}.Release|Any CPU.Build.0 = Release|Any CPU
	EndGlobalSection
	GlobalSection(SolutionProperties) = preSolution
		HideSolutionNode = FALSE
	EndGlobalSection
EndGlobal
